// !$*UTF8*$!
{
	archiveVersion = 1;
	classes = {
	};
	objectVersion = 56;
	objects = {

/* Begin PBXBuildFile section */
		2C6FCBC42900A967007F9A4C /* HomeView.swift in Sources */ = {isa = PBXBuildFile; fileRef = 2C6FCBC32900A967007F9A4C /* HomeView.swift */; };
		2C93712F29008C8100105DBC /* CellModel.swift in Sources */ = {isa = PBXBuildFile; fileRef = 2C93712E29008C8100105DBC /* CellModel.swift */; };
		2C93E8BD28F8429F00E33D37 /* GameState.swift in Sources */ = {isa = PBXBuildFile; fileRef = 2C93E8BC28F8429F00E33D37 /* GameState.swift */; };
		2CD2E38328FF15F100D33AAB /* TicTacToeTests.swift in Sources */ = {isa = PBXBuildFile; fileRef = 2CD4D6C528F719F8001B5B22 /* TicTacToeTests.swift */; };
		2CD2E38528FF1BC200D33AAB /* swiftformat.yml in Resources */ = {isa = PBXBuildFile; fileRef = 2CD2E38428FF1BC200D33AAB /* swiftformat.yml */; };
		2CD2E38628FF1BC200D33AAB /* swiftformat.yml in Resources */ = {isa = PBXBuildFile; fileRef = 2CD2E38428FF1BC200D33AAB /* swiftformat.yml */; };
		2CD4D6B528F719F5001B5B22 /* TicTacToeApp.swift in Sources */ = {isa = PBXBuildFile; fileRef = 2CD4D6B428F719F5001B5B22 /* TicTacToeApp.swift */; };
		2CD4D6B728F719F5001B5B22 /* TicTacToeView.swift in Sources */ = {isa = PBXBuildFile; fileRef = 2CD4D6B628F719F5001B5B22 /* TicTacToeView.swift */; };
		2CD4D6B928F719F7001B5B22 /* Assets.xcassets in Resources */ = {isa = PBXBuildFile; fileRef = 2CD4D6B828F719F7001B5B22 /* Assets.xcassets */; };
		2CD4D6BC28F719F7001B5B22 /* Preview Assets.xcassets in Resources */ = {isa = PBXBuildFile; fileRef = 2CD4D6BB28F719F7001B5B22 /* Preview Assets.xcassets */; };
		2CD4D6D028F719F8001B5B22 /* TicTacToeUITests.swift in Sources */ = {isa = PBXBuildFile; fileRef = 2CD4D6CF28F719F8001B5B22 /* TicTacToeUITests.swift */; };
		2CD4D6D228F719F8001B5B22 /* TicTacToeUITestsLaunchTests.swift in Sources */ = {isa = PBXBuildFile; fileRef = 2CD4D6D128F719F8001B5B22 /* TicTacToeUITestsLaunchTests.swift */; };
/* End PBXBuildFile section */

/* Begin PBXContainerItemProxy section */
		2CD4D6C228F719F8001B5B22 /* PBXContainerItemProxy */ = {
			isa = PBXContainerItemProxy;
			containerPortal = 2CD4D6A928F719F5001B5B22 /* Project object */;
			proxyType = 1;
			remoteGlobalIDString = 2CD4D6B028F719F5001B5B22;
			remoteInfo = TicTacToe;
		};
		2CD4D6CC28F719F8001B5B22 /* PBXContainerItemProxy */ = {
			isa = PBXContainerItemProxy;
			containerPortal = 2CD4D6A928F719F5001B5B22 /* Project object */;
			proxyType = 1;
			remoteGlobalIDString = 2CD4D6B028F719F5001B5B22;
			remoteInfo = TicTacToe;
		};
/* End PBXContainerItemProxy section */

/* Begin PBXFileReference section */
		2C6FCBC32900A967007F9A4C /* HomeView.swift */ = {isa = PBXFileReference; lastKnownFileType = sourcecode.swift; path = HomeView.swift; sourceTree = "<group>"; };
		2C93712829006D0100105DBC /* Info.plist */ = {isa = PBXFileReference; lastKnownFileType = text.plist; path = Info.plist; sourceTree = "<group>"; };
		2C93712E29008C8100105DBC /* CellModel.swift */ = {isa = PBXFileReference; lastKnownFileType = sourcecode.swift; path = CellModel.swift; sourceTree = "<group>"; };
		2C93E8BC28F8429F00E33D37 /* GameState.swift */ = {isa = PBXFileReference; lastKnownFileType = sourcecode.swift; path = GameState.swift; sourceTree = "<group>"; };
		2CD2E38428FF1BC200D33AAB /* swiftformat.yml */ = {isa = PBXFileReference; lastKnownFileType = text.yaml; path = swiftformat.yml; sourceTree = "<group>"; };
		2CD4D6B128F719F5001B5B22 /* TicTacToe.app */ = {isa = PBXFileReference; explicitFileType = wrapper.application; includeInIndex = 0; path = TicTacToe.app; sourceTree = BUILT_PRODUCTS_DIR; };
		2CD4D6B428F719F5001B5B22 /* TicTacToeApp.swift */ = {isa = PBXFileReference; lastKnownFileType = sourcecode.swift; path = TicTacToeApp.swift; sourceTree = "<group>"; };
		2CD4D6B628F719F5001B5B22 /* TicTacToeView.swift */ = {isa = PBXFileReference; lastKnownFileType = sourcecode.swift; path = TicTacToeView.swift; sourceTree = "<group>"; };
		2CD4D6B828F719F7001B5B22 /* Assets.xcassets */ = {isa = PBXFileReference; lastKnownFileType = folder.assetcatalog; path = Assets.xcassets; sourceTree = "<group>"; };
		2CD4D6BB28F719F7001B5B22 /* Preview Assets.xcassets */ = {isa = PBXFileReference; lastKnownFileType = folder.assetcatalog; path = "Preview Assets.xcassets"; sourceTree = "<group>"; };
		2CD4D6C128F719F8001B5B22 /* TicTacToeTests.xctest */ = {isa = PBXFileReference; explicitFileType = wrapper.cfbundle; includeInIndex = 0; path = TicTacToeTests.xctest; sourceTree = BUILT_PRODUCTS_DIR; };
		2CD4D6C528F719F8001B5B22 /* TicTacToeTests.swift */ = {isa = PBXFileReference; lastKnownFileType = sourcecode.swift; path = TicTacToeTests.swift; sourceTree = "<group>"; };
		2CD4D6CB28F719F8001B5B22 /* TicTacToeUITests.xctest */ = {isa = PBXFileReference; explicitFileType = wrapper.cfbundle; includeInIndex = 0; path = TicTacToeUITests.xctest; sourceTree = BUILT_PRODUCTS_DIR; };
		2CD4D6CF28F719F8001B5B22 /* TicTacToeUITests.swift */ = {isa = PBXFileReference; lastKnownFileType = sourcecode.swift; path = TicTacToeUITests.swift; sourceTree = "<group>"; };
		2CD4D6D128F719F8001B5B22 /* TicTacToeUITestsLaunchTests.swift */ = {isa = PBXFileReference; lastKnownFileType = sourcecode.swift; path = TicTacToeUITestsLaunchTests.swift; sourceTree = "<group>"; };
/* End PBXFileReference section */

/* Begin PBXFrameworksBuildPhase section */
		2CD4D6AE28F719F5001B5B22 /* Frameworks */ = {
			isa = PBXFrameworksBuildPhase;
			buildActionMask = 2147483647;
			files = (
			);
			runOnlyForDeploymentPostprocessing = 0;
		};
		2CD4D6BE28F719F8001B5B22 /* Frameworks */ = {
			isa = PBXFrameworksBuildPhase;
			buildActionMask = 2147483647;
			files = (
			);
			runOnlyForDeploymentPostprocessing = 0;
		};
		2CD4D6C828F719F8001B5B22 /* Frameworks */ = {
			isa = PBXFrameworksBuildPhase;
			buildActionMask = 2147483647;
			files = (
			);
			runOnlyForDeploymentPostprocessing = 0;
		};
/* End PBXFrameworksBuildPhase section */

/* Begin PBXGroup section */
		2C93712D290089A000105DBC /* Model */ = {
			isa = PBXGroup;
			children = (
				2C93712E29008C8100105DBC /* CellModel.swift */,
			);
			path = Model;
			sourceTree = "<group>";
		};
		2C9371302900955000105DBC /* View */ = {
			isa = PBXGroup;
			children = (
				2CD4D6B628F719F5001B5B22 /* TicTacToeView.swift */,
				2C6FCBC32900A967007F9A4C /* HomeView.swift */,
			);
			path = View;
			sourceTree = "<group>";
		};
		2CD4D6A828F719F5001B5B22 = {
			isa = PBXGroup;
			children = (
				2CD2E38428FF1BC200D33AAB /* swiftformat.yml */,
				2CD4D6B328F719F5001B5B22 /* TicTacToe */,
				2CD4D6C428F719F8001B5B22 /* TicTacToeTests */,
				2CD4D6CE28F719F8001B5B22 /* TicTacToeUITests */,
				2CD4D6B228F719F5001B5B22 /* Products */,
			);
			sourceTree = "<group>";
		};
		2CD4D6B228F719F5001B5B22 /* Products */ = {
			isa = PBXGroup;
			children = (
				2CD4D6B128F719F5001B5B22 /* TicTacToe.app */,
				2CD4D6C128F719F8001B5B22 /* TicTacToeTests.xctest */,
				2CD4D6CB28F719F8001B5B22 /* TicTacToeUITests.xctest */,
			);
			name = Products;
			sourceTree = "<group>";
		};
		2CD4D6B328F719F5001B5B22 /* TicTacToe */ = {
			isa = PBXGroup;
			children = (
				2C9371302900955000105DBC /* View */,
				2C93712D290089A000105DBC /* Model */,
				2C93712829006D0100105DBC /* Info.plist */,
				2CD4D6B428F719F5001B5B22 /* TicTacToeApp.swift */,
				2C93E8BC28F8429F00E33D37 /* GameState.swift */,
				2CD4D6B828F719F7001B5B22 /* Assets.xcassets */,
				2CD4D6BA28F719F7001B5B22 /* Preview Content */,
			);
			path = TicTacToe;
			sourceTree = "<group>";
		};
		2CD4D6BA28F719F7001B5B22 /* Preview Content */ = {
			isa = PBXGroup;
			children = (
				2CD4D6BB28F719F7001B5B22 /* Preview Assets.xcassets */,
			);
			path = "Preview Content";
			sourceTree = "<group>";
		};
		2CD4D6C428F719F8001B5B22 /* TicTacToeTests */ = {
			isa = PBXGroup;
			children = (
				2CD4D6C528F719F8001B5B22 /* TicTacToeTests.swift */,
			);
			path = TicTacToeTests;
			sourceTree = "<group>";
		};
		2CD4D6CE28F719F8001B5B22 /* TicTacToeUITests */ = {
			isa = PBXGroup;
			children = (
				2CD4D6CF28F719F8001B5B22 /* TicTacToeUITests.swift */,
				2CD4D6D128F719F8001B5B22 /* TicTacToeUITestsLaunchTests.swift */,
			);
			path = TicTacToeUITests;
			sourceTree = "<group>";
		};
/* End PBXGroup section */

/* Begin PBXNativeTarget section */
		2CD4D6B028F719F5001B5B22 /* TicTacToe */ = {
			isa = PBXNativeTarget;
			buildConfigurationList = 2CD4D6D528F719F8001B5B22 /* Build configuration list for PBXNativeTarget "TicTacToe" */;
			buildPhases = (
				2CD4D6AD28F719F5001B5B22 /* Sources */,
				2CD4D6AE28F719F5001B5B22 /* Frameworks */,
				2CD4D6AF28F719F5001B5B22 /* Resources */,
			);
			buildRules = (
			);
			dependencies = (
			);
			name = TicTacToe;
			productName = TicTacToe;
			productReference = 2CD4D6B128F719F5001B5B22 /* TicTacToe.app */;
			productType = "com.apple.product-type.application";
		};
		2CD4D6C028F719F8001B5B22 /* TicTacToeTests */ = {
			isa = PBXNativeTarget;
			buildConfigurationList = 2CD4D6D828F719F8001B5B22 /* Build configuration list for PBXNativeTarget "TicTacToeTests" */;
			buildPhases = (
				2CD4D6BD28F719F8001B5B22 /* Sources */,
				2CD4D6BE28F719F8001B5B22 /* Frameworks */,
				2CD4D6BF28F719F8001B5B22 /* Resources */,
				2CCB65EC28FF0C62003321EE /* Swift Format */,
			);
			buildRules = (
			);
			dependencies = (
				2CD4D6C328F719F8001B5B22 /* PBXTargetDependency */,
			);
			name = TicTacToeTests;
			productName = TicTacToeTests;
			productReference = 2CD4D6C128F719F8001B5B22 /* TicTacToeTests.xctest */;
			productType = "com.apple.product-type.bundle.unit-test";
		};
		2CD4D6CA28F719F8001B5B22 /* TicTacToeUITests */ = {
			isa = PBXNativeTarget;
			buildConfigurationList = 2CD4D6DB28F719F8001B5B22 /* Build configuration list for PBXNativeTarget "TicTacToeUITests" */;
			buildPhases = (
				2CD4D6C728F719F8001B5B22 /* Sources */,
				2CD4D6C828F719F8001B5B22 /* Frameworks */,
				2CD4D6C928F719F8001B5B22 /* Resources */,
			);
			buildRules = (
			);
			dependencies = (
				2CD4D6CD28F719F8001B5B22 /* PBXTargetDependency */,
			);
			name = TicTacToeUITests;
			productName = TicTacToeUITests;
			productReference = 2CD4D6CB28F719F8001B5B22 /* TicTacToeUITests.xctest */;
			productType = "com.apple.product-type.bundle.ui-testing";
		};
/* End PBXNativeTarget section */

/* Begin PBXProject section */
		2CD4D6A928F719F5001B5B22 /* Project object */ = {
			isa = PBXProject;
			attributes = {
				BuildIndependentTargetsInParallel = 1;
				LastSwiftUpdateCheck = 1400;
				LastUpgradeCheck = 1400;
				TargetAttributes = {
					2CD4D6B028F719F5001B5B22 = {
						CreatedOnToolsVersion = 14.0.1;
					};
					2CD4D6C028F719F8001B5B22 = {
						CreatedOnToolsVersion = 14.0.1;
						TestTargetID = 2CD4D6B028F719F5001B5B22;
					};
					2CD4D6CA28F719F8001B5B22 = {
						CreatedOnToolsVersion = 14.0.1;
						TestTargetID = 2CD4D6B028F719F5001B5B22;
					};
				};
			};
			buildConfigurationList = 2CD4D6AC28F719F5001B5B22 /* Build configuration list for PBXProject "TicTacToe" */;
			compatibilityVersion = "Xcode 14.0";
			developmentRegion = en;
			hasScannedForEncodings = 0;
			knownRegions = (
				en,
				Base,
			);
			mainGroup = 2CD4D6A828F719F5001B5B22;
			productRefGroup = 2CD4D6B228F719F5001B5B22 /* Products */;
			projectDirPath = "";
			projectRoot = "";
			targets = (
				2CD4D6B028F719F5001B5B22 /* TicTacToe */,
				2CD4D6C028F719F8001B5B22 /* TicTacToeTests */,
				2CD4D6CA28F719F8001B5B22 /* TicTacToeUITests */,
			);
		};
/* End PBXProject section */

/* Begin PBXResourcesBuildPhase section */
		2CD4D6AF28F719F5001B5B22 /* Resources */ = {
			isa = PBXResourcesBuildPhase;
			buildActionMask = 2147483647;
			files = (
				2CD4D6BC28F719F7001B5B22 /* Preview Assets.xcassets in Resources */,
				2CD4D6B928F719F7001B5B22 /* Assets.xcassets in Resources */,
			);
			runOnlyForDeploymentPostprocessing = 0;
		};
		2CD4D6BF28F719F8001B5B22 /* Resources */ = {
			isa = PBXResourcesBuildPhase;
			buildActionMask = 2147483647;
			files = (
				2CD2E38528FF1BC200D33AAB /* swiftformat.yml in Resources */,
			);
			runOnlyForDeploymentPostprocessing = 0;
		};
		2CD4D6C928F719F8001B5B22 /* Resources */ = {
			isa = PBXResourcesBuildPhase;
			buildActionMask = 2147483647;
			files = (
				2CD2E38628FF1BC200D33AAB /* swiftformat.yml in Resources */,
			);
			runOnlyForDeploymentPostprocessing = 0;
		};
/* End PBXResourcesBuildPhase section */

/* Begin PBXShellScriptBuildPhase section */
		2CCB65EC28FF0C62003321EE /* Swift Format */ = {
			isa = PBXShellScriptBuildPhase;
			buildActionMask = 2147483647;
			files = (
			);
			inputFileListPaths = (
			);
			inputPaths = (
			);
			name = "Swift Format";
			outputFileListPaths = (
			);
			outputPaths = (
			);
			runOnlyForDeploymentPostprocessing = 0;
			shellPath = /bin/sh;
			shellScript = "# Type a script or drag a script file from your workspace to insert its path.\nexport PATH=\"$PATH:/opt/homebrew/bin\"\nif which swiftformat >/dev/null; then\n# Ando project is not located at the root of the repo. This means we need to tell swiftlint to go to the project root to get the swiftlint file.\n swiftformat . --config swiftformat.yml\nelse\n echo \"warning: SwiftFormat not installed, install it through: brew install swiftformat\"\nfi\n";
		};
/* End PBXShellScriptBuildPhase section */

/* Begin PBXSourcesBuildPhase section */
		2CD4D6AD28F719F5001B5B22 /* Sources */ = {
			isa = PBXSourcesBuildPhase;
			buildActionMask = 2147483647;
			files = (
				2CD4D6B728F719F5001B5B22 /* TicTacToeView.swift in Sources */,
				2C93E8BD28F8429F00E33D37 /* GameState.swift in Sources */,
				2C93712F29008C8100105DBC /* CellModel.swift in Sources */,
				2C6FCBC42900A967007F9A4C /* HomeView.swift in Sources */,
				2CD4D6B528F719F5001B5B22 /* TicTacToeApp.swift in Sources */,
			);
			runOnlyForDeploymentPostprocessing = 0;
		};
		2CD4D6BD28F719F8001B5B22 /* Sources */ = {
			isa = PBXSourcesBuildPhase;
			buildActionMask = 2147483647;
			files = (
				2CD2E38328FF15F100D33AAB /* TicTacToeTests.swift in Sources */,
			);
			runOnlyForDeploymentPostprocessing = 0;
		};
		2CD4D6C728F719F8001B5B22 /* Sources */ = {
			isa = PBXSourcesBuildPhase;
			buildActionMask = 2147483647;
			files = (
				2CD4D6D028F719F8001B5B22 /* TicTacToeUITests.swift in Sources */,
				2CD4D6D228F719F8001B5B22 /* TicTacToeUITestsLaunchTests.swift in Sources */,
			);
			runOnlyForDeploymentPostprocessing = 0;
		};
/* End PBXSourcesBuildPhase section */

/* Begin PBXTargetDependency section */
		2CD4D6C328F719F8001B5B22 /* PBXTargetDependency */ = {
			isa = PBXTargetDependency;
			target = 2CD4D6B028F719F5001B5B22 /* TicTacToe */;
			targetProxy = 2CD4D6C228F719F8001B5B22 /* PBXContainerItemProxy */;
		};
		2CD4D6CD28F719F8001B5B22 /* PBXTargetDependency */ = {
			isa = PBXTargetDependency;
			target = 2CD4D6B028F719F5001B5B22 /* TicTacToe */;
			targetProxy = 2CD4D6CC28F719F8001B5B22 /* PBXContainerItemProxy */;
		};
/* End PBXTargetDependency section */

/* Begin XCBuildConfiguration section */
		2CD4D6D328F719F8001B5B22 /* Debug */ = {
			isa = XCBuildConfiguration;
			buildSettings = {
				ALWAYS_SEARCH_USER_PATHS = NO;
				CLANG_ANALYZER_NONNULL = YES;
				CLANG_ANALYZER_NUMBER_OBJECT_CONVERSION = YES_AGGRESSIVE;
				CLANG_CXX_LANGUAGE_STANDARD = "gnu++20";
				CLANG_ENABLE_MODULES = YES;
				CLANG_ENABLE_OBJC_ARC = YES;
				CLANG_ENABLE_OBJC_WEAK = YES;
				CLANG_WARN_BLOCK_CAPTURE_AUTORELEASING = YES;
				CLANG_WARN_BOOL_CONVERSION = YES;
				CLANG_WARN_COMMA = YES;
				CLANG_WARN_CONSTANT_CONVERSION = YES;
				CLANG_WARN_DEPRECATED_OBJC_IMPLEMENTATIONS = YES;
				CLANG_WARN_DIRECT_OBJC_ISA_USAGE = YES_ERROR;
				CLANG_WARN_DOCUMENTATION_COMMENTS = YES;
				CLANG_WARN_EMPTY_BODY = YES;
				CLANG_WARN_ENUM_CONVERSION = YES;
				CLANG_WARN_INFINITE_RECURSION = YES;
				CLANG_WARN_INT_CONVERSION = YES;
				CLANG_WARN_NON_LITERAL_NULL_CONVERSION = YES;
				CLANG_WARN_OBJC_IMPLICIT_RETAIN_SELF = YES;
				CLANG_WARN_OBJC_LITERAL_CONVERSION = YES;
				CLANG_WARN_OBJC_ROOT_CLASS = YES_ERROR;
				CLANG_WARN_QUOTED_INCLUDE_IN_FRAMEWORK_HEADER = YES;
				CLANG_WARN_RANGE_LOOP_ANALYSIS = YES;
				CLANG_WARN_STRICT_PROTOTYPES = YES;
				CLANG_WARN_SUSPICIOUS_MOVE = YES;
				CLANG_WARN_UNGUARDED_AVAILABILITY = YES_AGGRESSIVE;
				CLANG_WARN_UNREACHABLE_CODE = YES;
				CLANG_WARN__DUPLICATE_METHOD_MATCH = YES;
				COPY_PHASE_STRIP = NO;
				DEBUG_INFORMATION_FORMAT = dwarf;
				ENABLE_STRICT_OBJC_MSGSEND = YES;
				ENABLE_TESTABILITY = YES;
				GCC_C_LANGUAGE_STANDARD = gnu11;
				GCC_DYNAMIC_NO_PIC = NO;
				GCC_NO_COMMON_BLOCKS = YES;
				GCC_OPTIMIZATION_LEVEL = 0;
				GCC_PREPROCESSOR_DEFINITIONS = (
					"DEBUG=1",
					"$(inherited)",
				);
				GCC_WARN_64_TO_32_BIT_CONVERSION = YES;
				GCC_WARN_ABOUT_RETURN_TYPE = YES_ERROR;
				GCC_WARN_UNDECLARED_SELECTOR = YES;
				GCC_WARN_UNINITIALIZED_AUTOS = YES_AGGRESSIVE;
				GCC_WARN_UNUSED_FUNCTION = YES;
				GCC_WARN_UNUSED_VARIABLE = YES;
				IPHONEOS_DEPLOYMENT_TARGET = 16.0;
				MTL_ENABLE_DEBUG_INFO = INCLUDE_SOURCE;
				MTL_FAST_MATH = YES;
				ONLY_ACTIVE_ARCH = YES;
				SDKROOT = iphoneos;
				SWIFT_ACTIVE_COMPILATION_CONDITIONS = DEBUG;
				SWIFT_OPTIMIZATION_LEVEL = "-Onone";
			};
			name = Debug;
		};
		2CD4D6D428F719F8001B5B22 /* Release */ = {
			isa = XCBuildConfiguration;
			buildSettings = {
				ALWAYS_SEARCH_USER_PATHS = NO;
				CLANG_ANALYZER_NONNULL = YES;
				CLANG_ANALYZER_NUMBER_OBJECT_CONVERSION = YES_AGGRESSIVE;
				CLANG_CXX_LANGUAGE_STANDARD = "gnu++20";
				CLANG_ENABLE_MODULES = YES;
				CLANG_ENABLE_OBJC_ARC = YES;
				CLANG_ENABLE_OBJC_WEAK = YES;
				CLANG_WARN_BLOCK_CAPTURE_AUTORELEASING = YES;
				CLANG_WARN_BOOL_CONVERSION = YES;
				CLANG_WARN_COMMA = YES;
				CLANG_WARN_CONSTANT_CONVERSION = YES;
				CLANG_WARN_DEPRECATED_OBJC_IMPLEMENTATIONS = YES;
				CLANG_WARN_DIRECT_OBJC_ISA_USAGE = YES_ERROR;
				CLANG_WARN_DOCUMENTATION_COMMENTS = YES;
				CLANG_WARN_EMPTY_BODY = YES;
				CLANG_WARN_ENUM_CONVERSION = YES;
				CLANG_WARN_INFINITE_RECURSION = YES;
				CLANG_WARN_INT_CONVERSION = YES;
				CLANG_WARN_NON_LITERAL_NULL_CONVERSION = YES;
				CLANG_WARN_OBJC_IMPLICIT_RETAIN_SELF = YES;
				CLANG_WARN_OBJC_LITERAL_CONVERSION = YES;
				CLANG_WARN_OBJC_ROOT_CLASS = YES_ERROR;
				CLANG_WARN_QUOTED_INCLUDE_IN_FRAMEWORK_HEADER = YES;
				CLANG_WARN_RANGE_LOOP_ANALYSIS = YES;
				CLANG_WARN_STRICT_PROTOTYPES = YES;
				CLANG_WARN_SUSPICIOUS_MOVE = YES;
				CLANG_WARN_UNGUARDED_AVAILABILITY = YES_AGGRESSIVE;
				CLANG_WARN_UNREACHABLE_CODE = YES;
				CLANG_WARN__DUPLICATE_METHOD_MATCH = YES;
				COPY_PHASE_STRIP = NO;
				DEBUG_INFORMATION_FORMAT = "dwarf-with-dsym";
				ENABLE_NS_ASSERTIONS = NO;
				ENABLE_STRICT_OBJC_MSGSEND = YES;
				GCC_C_LANGUAGE_STANDARD = gnu11;
				GCC_NO_COMMON_BLOCKS = YES;
				GCC_WARN_64_TO_32_BIT_CONVERSION = YES;
				GCC_WARN_ABOUT_RETURN_TYPE = YES_ERROR;
				GCC_WARN_UNDECLARED_SELECTOR = YES;
				GCC_WARN_UNINITIALIZED_AUTOS = YES_AGGRESSIVE;
				GCC_WARN_UNUSED_FUNCTION = YES;
				GCC_WARN_UNUSED_VARIABLE = YES;
				IPHONEOS_DEPLOYMENT_TARGET = 16.0;
				MTL_ENABLE_DEBUG_INFO = NO;
				MTL_FAST_MATH = YES;
				SDKROOT = iphoneos;
				SWIFT_COMPILATION_MODE = wholemodule;
				SWIFT_OPTIMIZATION_LEVEL = "-O";
				VALIDATE_PRODUCT = YES;
			};
			name = Release;
		};
		2CD4D6D628F719F8001B5B22 /* Debug */ = {
			isa = XCBuildConfiguration;
			buildSettings = {
				ASSETCATALOG_COMPILER_APPICON_NAME = AppIcon;
				ASSETCATALOG_COMPILER_GLOBAL_ACCENT_COLOR_NAME = AccentColor;
				CODE_SIGN_STYLE = Automatic;
				CURRENT_PROJECT_VERSION = 1;
				DEVELOPMENT_ASSET_PATHS = "\"TicTacToe/Preview Content\"";
				DEVELOPMENT_TEAM = B6RKJ8DL58;
				ENABLE_PREVIEWS = YES;
				GENERATE_INFOPLIST_FILE = YES;
				INFOPLIST_FILE = TicTacToe/Info.plist;
				INFOPLIST_KEY_UIApplicationSceneManifest_Generation = YES;
				INFOPLIST_KEY_UIApplicationSupportsIndirectInputEvents = YES;
				INFOPLIST_KEY_UISupportedInterfaceOrientations_iPad = "UIInterfaceOrientationPortrait UIInterfaceOrientationPortraitUpsideDown UIInterfaceOrientationLandscapeLeft UIInterfaceOrientationLandscapeRight";
				INFOPLIST_KEY_UISupportedInterfaceOrientations_iPhone = "UIInterfaceOrientationPortrait UIInterfaceOrientationLandscapeLeft UIInterfaceOrientationLandscapeRight";
				LD_RUNPATH_SEARCH_PATHS = (
					"$(inherited)",
					"@executable_path/Frameworks",
				);
				MARKETING_VERSION = 1.0;
				PRODUCT_BUNDLE_IDENTIFIER = wenniewu.com.TicTacToe;
				PRODUCT_NAME = "$(TARGET_NAME)";
				SWIFT_EMIT_LOC_STRINGS = YES;
				SWIFT_VERSION = 5.0;
				TARGETED_DEVICE_FAMILY = "1,2";
			};
			name = Debug;
		};
		2CD4D6D728F719F8001B5B22 /* Release */ = {
			isa = XCBuildConfiguration;
			buildSettings = {
				ASSETCATALOG_COMPILER_APPICON_NAME = AppIcon;
				ASSETCATALOG_COMPILER_GLOBAL_ACCENT_COLOR_NAME = AccentColor;
				CODE_SIGN_STYLE = Automatic;
				CURRENT_PROJECT_VERSION = 1;
				DEVELOPMENT_ASSET_PATHS = "\"TicTacToe/Preview Content\"";
				DEVELOPMENT_TEAM = B6RKJ8DL58;
				ENABLE_PREVIEWS = YES;
				GENERATE_INFOPLIST_FILE = YES;
				INFOPLIST_FILE = TicTacToe/Info.plist;
				INFOPLIST_KEY_UIApplicationSceneManifest_Generation = YES;
				INFOPLIST_KEY_UIApplicationSupportsIndirectInputEvents = YES;
				INFOPLIST_KEY_UISupportedInterfaceOrientations_iPad = "UIInterfaceOrientationPortrait UIInterfaceOrientationPortraitUpsideDown UIInterfaceOrientationLandscapeLeft UIInterfaceOrientationLandscapeRight";
				INFOPLIST_KEY_UISupportedInterfaceOrientations_iPhone = "UIInterfaceOrientationPortrait UIInterfaceOrientationLandscapeLeft UIInterfaceOrientationLandscapeRight";
				LD_RUNPATH_SEARCH_PATHS = (
					"$(inherited)",
					"@executable_path/Frameworks",
				);
				MARKETING_VERSION = 1.0;
				PRODUCT_BUNDLE_IDENTIFIER = wenniewu.com.TicTacToe;
				PRODUCT_NAME = "$(TARGET_NAME)";
				SWIFT_EMIT_LOC_STRINGS = YES;
				SWIFT_VERSION = 5.0;
				TARGETED_DEVICE_FAMILY = "1,2";
			};
			name = Release;
		};
		2CD4D6D928F719F8001B5B22 /* Debug */ = {
			isa = XCBuildConfiguration;
			buildSettings = {
				ALWAYS_EMBED_SWIFT_STANDARD_LIBRARIES = YES;
				BUNDLE_LOADER = "$(TEST_HOST)";
				CODE_SIGN_STYLE = Automatic;
				CURRENT_PROJECT_VERSION = 1;
				DEVELOPMENT_TEAM = B6RKJ8DL58;
				GENERATE_INFOPLIST_FILE = YES;
				IPHONEOS_DEPLOYMENT_TARGET = 16.0;
				MARKETING_VERSION = 1.0;
				PRODUCT_BUNDLE_IDENTIFIER = wenniewu.com.TicTacToeTests;
				PRODUCT_NAME = "$(TARGET_NAME)";
				SWIFT_EMIT_LOC_STRINGS = NO;
				SWIFT_VERSION = 5.0;
				TARGETED_DEVICE_FAMILY = "1,2";
				TEST_HOST = "$(BUILT_PRODUCTS_DIR)/TicTacToe.app/$(BUNDLE_EXECUTABLE_FOLDER_PATH)/TicTacToe";
			};
			name = Debug;
		};
		2CD4D6DA28F719F8001B5B22 /* Release */ = {
			isa = XCBuildConfiguration;
			buildSettings = {
				ALWAYS_EMBED_SWIFT_STANDARD_LIBRARIES = YES;
				BUNDLE_LOADER = "$(TEST_HOST)";
				CODE_SIGN_STYLE = Automatic;
				CURRENT_PROJECT_VERSION = 1;
				DEVELOPMENT_TEAM = B6RKJ8DL58;
				GENERATE_INFOPLIST_FILE = YES;
				IPHONEOS_DEPLOYMENT_TARGET = 16.0;
				MARKETING_VERSION = 1.0;
				PRODUCT_BUNDLE_IDENTIFIER = wenniewu.com.TicTacToeTests;
				PRODUCT_NAME = "$(TARGET_NAME)";
				SWIFT_EMIT_LOC_STRINGS = NO;
				SWIFT_VERSION = 5.0;
				TARGETED_DEVICE_FAMILY = "1,2";
				TEST_HOST = "$(BUILT_PRODUCTS_DIR)/TicTacToe.app/$(BUNDLE_EXECUTABLE_FOLDER_PATH)/TicTacToe";
			};
			name = Release;
		};
		2CD4D6DC28F719F8001B5B22 /* Debug */ = {
			isa = XCBuildConfiguration;
			buildSettings = {
				ALWAYS_EMBED_SWIFT_STANDARD_LIBRARIES = YES;
				CODE_SIGN_STYLE = Automatic;
				CURRENT_PROJECT_VERSION = 1;
				DEVELOPMENT_TEAM = B6RKJ8DL58;
				GENERATE_INFOPLIST_FILE = YES;
				MARKETING_VERSION = 1.0;
				PRODUCT_BUNDLE_IDENTIFIER = wenniewu.com.TicTacToeUITests;
				PRODUCT_NAME = "$(TARGET_NAME)";
				SWIFT_EMIT_LOC_STRINGS = NO;
				SWIFT_VERSION = 5.0;
				TARGETED_DEVICE_FAMILY = "1,2";
				TEST_TARGET_NAME = TicTacToe;
			};
			name = Debug;
		};
		2CD4D6DD28F719F8001B5B22 /* Release */ = {
			isa = XCBuildConfiguration;
			buildSettings = {
				ALWAYS_EMBED_SWIFT_STANDARD_LIBRARIES = YES;
				CODE_SIGN_STYLE = Automatic;
				CURRENT_PROJECT_VERSION = 1;
				DEVELOPMENT_TEAM = B6RKJ8DL58;
				GENERATE_INFOPLIST_FILE = YES;
				MARKETING_VERSION = 1.0;
				PRODUCT_BUNDLE_IDENTIFIER = wenniewu.com.TicTacToeUITests;
				PRODUCT_NAME = "$(TARGET_NAME)";
				SWIFT_EMIT_LOC_STRINGS = NO;
				SWIFT_VERSION = 5.0;
				TARGETED_DEVICE_FAMILY = "1,2";
				TEST_TARGET_NAME = TicTacToe;
			};
			name = Release;
		};
/* End XCBuildConfiguration section */

/* Begin XCConfigurationList section */
		2CD4D6AC28F719F5001B5B22 /* Build configuration list for PBXProject "TicTacToe" */ = {
			isa = XCConfigurationList;
			buildConfigurations = (
				2CD4D6D328F719F8001B5B22 /* Debug */,
				2CD4D6D428F719F8001B5B22 /* Release */,
			);
			defaultConfigurationIsVisible = 0;
			defaultConfigurationName = Release;
		};
		2CD4D6D528F719F8001B5B22 /* Build configuration list for PBXNativeTarget "TicTacToe" */ = {
			isa = XCConfigurationList;
			buildConfigurations = (
				2CD4D6D628F719F8001B5B22 /* Debug */,
				2CD4D6D728F719F8001B5B22 /* Release */,
			);
			defaultConfigurationIsVisible = 0;
			defaultConfigurationName = Release;
		};
		2CD4D6D828F719F8001B5B22 /* Build configuration list for PBXNativeTarget "TicTacToeTests" */ = {
			isa = XCConfigurationList;
			buildConfigurations = (
				2CD4D6D928F719F8001B5B22 /* Debug */,
				2CD4D6DA28F719F8001B5B22 /* Release */,
			);
			defaultConfigurationIsVisible = 0;
			defaultConfigurationName = Release;
		};
		2CD4D6DB28F719F8001B5B22 /* Build configuration list for PBXNativeTarget "TicTacToeUITests" */ = {
			isa = XCConfigurationList;
			buildConfigurations = (
				2CD4D6DC28F719F8001B5B22 /* Debug */,
				2CD4D6DD28F719F8001B5B22 /* Release */,
			);
			defaultConfigurationIsVisible = 0;
			defaultConfigurationName = Release;
		};
/* End XCConfigurationList section */
	};
	rootObject = 2CD4D6A928F719F5001B5B22 /* Project object */;
}
